// !$*UTF8*$!
{
	archiveVersion = 1;
	classes = {
	};
	objectVersion = 50;
	objects = {

/* Begin PBXBuildFile section */
		CB295BCE23EC608E007F3934 /* AppDelegate.swift in Sources */ = {isa = PBXBuildFile; fileRef = CB295BCD23EC608E007F3934 /* AppDelegate.swift */; };
		CB295BD023EC608E007F3934 /* SceneDelegate.swift in Sources */ = {isa = PBXBuildFile; fileRef = CB295BCF23EC608E007F3934 /* SceneDelegate.swift */; };
		CB295BD223EC608E007F3934 /* ContentView.swift in Sources */ = {isa = PBXBuildFile; fileRef = CB295BD123EC608E007F3934 /* ContentView.swift */; };
		CB295BD423EC6090007F3934 /* Assets.xcassets in Resources */ = {isa = PBXBuildFile; fileRef = CB295BD323EC6090007F3934 /* Assets.xcassets */; };
		CB295BD723EC6090007F3934 /* Preview Assets.xcassets in Resources */ = {isa = PBXBuildFile; fileRef = CB295BD623EC6090007F3934 /* Preview Assets.xcassets */; };
		CB295BDA23EC6090007F3934 /* LaunchScreen.storyboard in Resources */ = {isa = PBXBuildFile; fileRef = CB295BD823EC6090007F3934 /* LaunchScreen.storyboard */; };
/* End PBXBuildFile section */

/* Begin PBXFileReference section */
		CB295BCA23EC608E007F3934 /* masl.app */ = {isa = PBXFileReference; explicitFileType = wrapper.application; includeInIndex = 0; path = masl.app; sourceTree = BUILT_PRODUCTS_DIR; };
		CB295BCD23EC608E007F3934 /* AppDelegate.swift */ = {isa = PBXFileReference; lastKnownFileType = sourcecode.swift; path = AppDelegate.swift; sourceTree = "<group>"; };
		CB295BCF23EC608E007F3934 /* SceneDelegate.swift */ = {isa = PBXFileReference; lastKnownFileType = sourcecode.swift; path = SceneDelegate.swift; sourceTree = "<group>"; };
		CB295BD123EC608E007F3934 /* ContentView.swift */ = {isa = PBXFileReference; lastKnownFileType = sourcecode.swift; path = ContentView.swift; sourceTree = "<group>"; };
		CB295BD323EC6090007F3934 /* Assets.xcassets */ = {isa = PBXFileReference; lastKnownFileType = folder.assetcatalog; path = Assets.xcassets; sourceTree = "<group>"; };
		CB295BD623EC6090007F3934 /* Preview Assets.xcassets */ = {isa = PBXFileReference; lastKnownFileType = folder.assetcatalog; path = "Preview Assets.xcassets"; sourceTree = "<group>"; };
		CB295BD923EC6090007F3934 /* Base */ = {isa = PBXFileReference; lastKnownFileType = file.storyboard; name = Base; path = Base.lproj/LaunchScreen.storyboard; sourceTree = "<group>"; };
		CB295BDB23EC6090007F3934 /* Info.plist */ = {isa = PBXFileReference; lastKnownFileType = text.plist.xml; path = Info.plist; sourceTree = "<group>"; };
		CB295BE123EC623A007F3934 /* IntuneMAMSwift.framework */ = {isa = PBXFileReference; lastKnownFileType = wrapper.framework; path = IntuneMAMSwift.framework; sourceTree = "<group>"; };
/* End PBXFileReference section */

/* Begin PBXFrameworksBuildPhase section */
		CB295BC723EC608E007F3934 /* Frameworks */ = {
			isa = PBXFrameworksBuildPhase;
			buildActionMask = 2147483647;
			files = (
			);
			runOnlyForDeploymentPostprocessing = 0;
		};
/* End PBXFrameworksBuildPhase section */

/* Begin PBXGroup section */
		CB295BC123EC608E007F3934 = {
			isa = PBXGroup;
			children = (
				CB295BE123EC623A007F3934 /* IntuneMAMSwift.framework */,
				CB295BCC23EC608E007F3934 /* masl */,
				CB295BCB23EC608E007F3934 /* Products */,
			);
			sourceTree = "<group>";
		};
		CB295BCB23EC608E007F3934 /* Products */ = {
			isa = PBXGroup;
			children = (
				CB295BCA23EC608E007F3934 /* masl.app */,
			);
			name = Products;
			sourceTree = "<group>";
		};
		CB295BCC23EC608E007F3934 /* masl */ = {
			isa = PBXGroup;
			children = (
				CB295BCD23EC608E007F3934 /* AppDelegate.swift */,
				CB295BCF23EC608E007F3934 /* SceneDelegate.swift */,
				CB295BD123EC608E007F3934 /* ContentView.swift */,
				CB295BD323EC6090007F3934 /* Assets.xcassets */,
				CB295BD823EC6090007F3934 /* LaunchScreen.storyboard */,
				CB295BDB23EC6090007F3934 /* Info.plist */,
				CB295BD523EC6090007F3934 /* Preview Content */,
			);
			path = masl;
			sourceTree = "<group>";
		};
		CB295BD523EC6090007F3934 /* Preview Content */ = {
			isa = PBXGroup;
			children = (
				CB295BD623EC6090007F3934 /* Preview Assets.xcassets */,
			);
			path = "Preview Content";
			sourceTree = "<group>";
		};
/* End PBXGroup section */

/* Begin PBXNativeTarget section */
		CB295BC923EC608E007F3934 /* masl */ = {
			isa = PBXNativeTarget;
			buildConfigurationList = CB295BDE23EC6090007F3934 /* Build configuration list for PBXNativeTarget "masl" */;
			buildPhases = (
				CB295BC623EC608E007F3934 /* Sources */,
				CB295BC723EC608E007F3934 /* Frameworks */,
				CB295BC823EC608E007F3934 /* Resources */,
			);
			buildRules = (
			);
			dependencies = (
			);
			name = masl;
			productName = masl;
			productReference = CB295BCA23EC608E007F3934 /* masl.app */;
			productType = "com.apple.product-type.application";
		};
/* End PBXNativeTarget section */

/* Begin PBXProject section */
		CB295BC223EC608E007F3934 /* Project object */ = {
			isa = PBXProject;
			attributes = {
				LastSwiftUpdateCheck = 1130;
				LastUpgradeCheck = 1130;
				ORGANIZATIONNAME = "Evgeny Kuklin";
				TargetAttributes = {
					CB295BC923EC608E007F3934 = {
						CreatedOnToolsVersion = 11.3.1;
					};
				};
			};
			buildConfigurationList = CB295BC523EC608E007F3934 /* Build configuration list for PBXProject "masl" */;
			compatibilityVersion = "Xcode 9.3";
			developmentRegion = en;
			hasScannedForEncodings = 0;
			knownRegions = (
				en,
				Base,
			);
			mainGroup = CB295BC123EC608E007F3934;
			productRefGroup = CB295BCB23EC608E007F3934 /* Products */;
			projectDirPath = "";
			projectRoot = "";
			targets = (
				CB295BC923EC608E007F3934 /* masl */,
			);
		};
/* End PBXProject section */

/* Begin PBXResourcesBuildPhase section */
		CB295BC823EC608E007F3934 /* Resources */ = {
			isa = PBXResourcesBuildPhase;
			buildActionMask = 2147483647;
			files = (
				CB295BDA23EC6090007F3934 /* LaunchScreen.storyboard in Resources */,
				CB295BD723EC6090007F3934 /* Preview Assets.xcassets in Resources */,
				CB295BD423EC6090007F3934 /* Assets.xcassets in Resources */,
			);
			runOnlyForDeploymentPostprocessing = 0;
		};
/* End PBXResourcesBuildPhase section */

/* Begin PBXSourcesBuildPhase section */
		CB295BC623EC608E007F3934 /* Sources */ = {
			isa = PBXSourcesBuildPhase;
			buildActionMask = 2147483647;
			files = (
				CB295BCE23EC608E007F3934 /* AppDelegate.swift in Sources */,
				CB295BD023EC608E007F3934 /* SceneDelegate.swift in Sources */,
				CB295BD223EC608E007F3934 /* ContentView.swift in Sources */,
			);
			runOnlyForDeploymentPostprocessing = 0;
		};
/* End PBXSourcesBuildPhase section */

/* Begin PBXVariantGroup section */
		CB295BD823EC6090007F3934 /* LaunchScreen.storyboard */ = {
			isa = PBXVariantGroup;
			children = (
				CB295BD923EC6090007F3934 /* Base */,
			);
			name = LaunchScreen.storyboard;
			sourceTree = "<group>";
		};
/* End PBXVariantGroup section */

/* Begin XCBuildConfiguration section */
		CB295BDC23EC6090007F3934 /* Debug */ = {
			isa = XCBuildConfiguration;
			buildSettings = {
				ALWAYS_SEARCH_USER_PATHS = NO;
				CLANG_ANALYZER_NONNULL = YES;
				CLANG_ANALYZER_NUMBER_OBJECT_CONVERSION = YES_AGGRESSIVE;
				CLANG_CXX_LANGUAGE_STANDARD = "gnu++14";
				CLANG_CXX_LIBRARY = "libc++";
				CLANG_ENABLE_MODULES = YES;
				CLANG_ENABLE_OBJC_ARC = YES;
				CLANG_ENABLE_OBJC_WEAK = YES;
				CLANG_WARN_BLOCK_CAPTURE_AUTORELEASING = YES;
				CLANG_WARN_BOOL_CONVERSION = YES;
				CLANG_WARN_COMMA = YES;
				CLANG_WARN_CONSTANT_CONVERSION = YES;
				CLANG_WARN_DEPRECATED_OBJC_IMPLEMENTATIONS = YES;
				CLANG_WARN_DIRECT_OBJC_ISA_USAGE = YES_ERROR;
				CLANG_WARN_DOCUMENTATION_COMMENTS = YES;
				CLANG_WARN_EMPTY_BODY = YES;
				CLANG_WARN_ENUM_CONVERSION = YES;
				CLANG_WARN_INFINITE_RECURSION = YES;
				CLANG_WARN_INT_CONVERSION = YES;
				CLANG_WARN_NON_LITERAL_NULL_CONVERSION = YES;
				CLANG_WARN_OBJC_IMPLICIT_RETAIN_SELF = YES;
				CLANG_WARN_OBJC_LITERAL_CONVERSION = YES;
				CLANG_WARN_OBJC_ROOT_CLASS = YES_ERROR;
				CLANG_WARN_RANGE_LOOP_ANALYSIS = YES;
				CLANG_WARN_STRICT_PROTOTYPES = YES;
				CLANG_WARN_SUSPICIOUS_MOVE = YES;
				CLANG_WARN_UNGUARDED_AVAILABILITY = YES_AGGRESSIVE;
				CLANG_WARN_UNREACHABLE_CODE = YES;
				CLANG_WARN__DUPLICATE_METHOD_MATCH = YES;
				COPY_PHASE_STRIP = NO;
				DEBUG_INFORMATION_FORMAT = dwarf;
				ENABLE_STRICT_OBJC_MSGSEND = YES;
				ENABLE_TESTABILITY = YES;
				GCC_C_LANGUAGE_STANDARD = gnu11;
				GCC_DYNAMIC_NO_PIC = NO;
				GCC_NO_COMMON_BLOCKS = YES;
				GCC_OPTIMIZATION_LEVEL = 0;
				GCC_PREPROCESSOR_DEFINITIONS = (
					"DEBUG=1",
					"$(inherited)",
				);
				GCC_WARN_64_TO_32_BIT_CONVERSION = YES;
				GCC_WARN_ABOUT_RETURN_TYPE = YES_ERROR;
				GCC_WARN_UNDECLARED_SELECTOR = YES;
				GCC_WARN_UNINITIALIZED_AUTOS = YES_AGGRESSIVE;
				GCC_WARN_UNUSED_FUNCTION = YES;
				GCC_WARN_UNUSED_VARIABLE = YES;
				IPHONEOS_DEPLOYMENT_TARGET = 13.2;
				MTL_ENABLE_DEBUG_INFO = INCLUDE_SOURCE;
				MTL_FAST_MATH = YES;
				ONLY_ACTIVE_ARCH = YES;
				SDKROOT = iphoneos;
				SWIFT_ACTIVE_COMPILATION_CONDITIONS = DEBUG;
				SWIFT_OPTIMIZATION_LEVEL = "-Onone";
			};
			name = Debug;
		};
		CB295BDD23EC6090007F3934 /* Release */ = {
			isa = XCBuildConfiguration;
			buildSettings = {
				ALWAYS_SEARCH_USER_PATHS = NO;
				CLANG_ANALYZER_NONNULL = YES;
				CLANG_ANALYZER_NUMBER_OBJECT_CONVERSION = YES_AGGRESSIVE;
				CLANG_CXX_LANGUAGE_STANDARD = "gnu++14";
				CLANG_CXX_LIBRARY = "libc++";
				CLANG_ENABLE_MODULES = YES;
				CLANG_ENABLE_OBJC_ARC = YES;
				CLANG_ENABLE_OBJC_WEAK = YES;
				CLANG_WARN_BLOCK_CAPTURE_AUTORELEASING = YES;
				CLANG_WARN_BOOL_CONVERSION = YES;
				CLANG_WARN_COMMA = YES;
				CLANG_WARN_CONSTANT_CONVERSION = YES;
				CLANG_WARN_DEPRECATED_OBJC_IMPLEMENTATIONS = YES;
				CLANG_WARN_DIRECT_OBJC_ISA_USAGE = YES_ERROR;
				CLANG_WARN_DOCUMENTATION_COMMENTS = YES;
				CLANG_WARN_EMPTY_BODY = YES;
				CLANG_WARN_ENUM_CONVERSION = YES;
				CLANG_WARN_INFINITE_RECURSION = YES;
				CLANG_WARN_INT_CONVERSION = YES;
				CLANG_WARN_NON_LITERAL_NULL_CONVERSION = YES;
				CLANG_WARN_OBJC_IMPLICIT_RETAIN_SELF = YES;
				CLANG_WARN_OBJC_LITERAL_CONVERSION = YES;
				CLANG_WARN_OBJC_ROOT_CLASS = YES_ERROR;
				CLANG_WARN_RANGE_LOOP_ANALYSIS = YES;
				CLANG_WARN_STRICT_PROTOTYPES = YES;
				CLANG_WARN_SUSPICIOUS_MOVE = YES;
				CLANG_WARN_UNGUARDED_AVAILABILITY = YES_AGGRESSIVE;
				CLANG_WARN_UNREACHABLE_CODE = YES;
				CLANG_WARN__DUPLICATE_METHOD_MATCH = YES;
				COPY_PHASE_STRIP = NO;
				DEBUG_INFORMATION_FORMAT = "dwarf-with-dsym";
				ENABLE_NS_ASSERTIONS = NO;
				ENABLE_STRICT_OBJC_MSGSEND = YES;
				GCC_C_LANGUAGE_STANDARD = gnu11;
				GCC_NO_COMMON_BLOCKS = YES;
				GCC_WARN_64_TO_32_BIT_CONVERSION = YES;
				GCC_WARN_ABOUT_RETURN_TYPE = YES_ERROR;
				GCC_WARN_UNDECLARED_SELECTOR = YES;
				GCC_WARN_UNINITIALIZED_AUTOS = YES_AGGRESSIVE;
				GCC_WARN_UNUSED_FUNCTION = YES;
				GCC_WARN_UNUSED_VARIABLE = YES;
				IPHONEOS_DEPLOYMENT_TARGET = 13.2;
				MTL_ENABLE_DEBUG_INFO = NO;
				MTL_FAST_MATH = YES;
				SDKROOT = iphoneos;
				SWIFT_COMPILATION_MODE = wholemodule;
				SWIFT_OPTIMIZATION_LEVEL = "-O";
				VALIDATE_PRODUCT = YES;
			};
			name = Release;
		};
		CB295BDF23EC6090007F3934 /* Debug */ = {
			isa = XCBuildConfiguration;
			buildSettings = {
				ASSETCATALOG_COMPILER_APPICON_NAME = AppIcon;
				CODE_SIGN_STYLE = Automatic;
				DEVELOPMENT_ASSET_PATHS = "\"masl/Preview Content\"";
				DEVELOPMENT_TEAM = M3KJ3WBD2L;
				ENABLE_PREVIEWS = YES;
				FRAMEWORK_SEARCH_PATHS = (
					"$(inherited)",
					"$(PROJECT_DIR)",
				);
				INFOPLIST_FILE = masl/Info.plist;
				LD_RUNPATH_SEARCH_PATHS = (
					"$(inherited)",
					"@executable_path/Frameworks",
				);
				PRODUCT_BUNDLE_IDENTIFIER = com.boardmaps.masl;
				PRODUCT_NAME = "$(TARGET_NAME)";
				SWIFT_VERSION = 5.0;
				TARGETED_DEVICE_FAMILY = "1,2";
			};
			name = Debug;
		};
		CB295BE023EC6090007F3934 /* Release */ = {
			isa = XCBuildConfiguration;
			buildSettings = {
				ASSETCATALOG_COMPILER_APPICON_NAME = AppIcon;
				CODE_SIGN_STYLE = Automatic;
				DEVELOPMENT_ASSET_PATHS = "\"masl/Preview Content\"";
				DEVELOPMENT_TEAM = M3KJ3WBD2L;
				ENABLE_PREVIEWS = YES;
				FRAMEWORK_SEARCH_PATHS = (
					"$(inherited)",
					"$(PROJECT_DIR)",
				);
				INFOPLIST_FILE = masl/Info.plist;
				LD_RUNPATH_SEARCH_PATHS = (
					"$(inherited)",
					"@executable_path/Frameworks",
				);
				PRODUCT_BUNDLE_IDENTIFIER = com.boardmaps.masl;
				PRODUCT_NAME = "$(TARGET_NAME)";
				SWIFT_VERSION = 5.0;
				TARGETED_DEVICE_FAMILY = "1,2";
			};
			name = Release;
		};
/* End XCBuildConfiguration section */

/* Begin XCConfigurationList section */
		CB295BC523EC608E007F3934 /* Build configuration list for PBXProject "masl" */ = {
			isa = XCConfigurationList;
			buildConfigurations = (
				CB295BDC23EC6090007F3934 /* Debug */,
				CB295BDD23EC6090007F3934 /* Release */,
			);
			defaultConfigurationIsVisible = 0;
			defaultConfigurationName = Release;
		};
		CB295BDE23EC6090007F3934 /* Build configuration list for PBXNativeTarget "masl" */ = {
			isa = XCConfigurationList;
			buildConfigurations = (
				CB295BDF23EC6090007F3934 /* Debug */,
				CB295BE023EC6090007F3934 /* Release */,
			);
			defaultConfigurationIsVisible = 0;
			defaultConfigurationName = Release;
		};
/* End XCConfigurationList section */
	};
	rootObject = CB295BC223EC608E007F3934 /* Project object */;
}
